
Microsoft Visual Studio Solution File, Format Version 12.00
# Visual Studio Version 17
VisualStudioVersion = 17.5.002.0
MinimumVisualStudioVersion = 10.0.40219.1
Project("{9A19103F-16F7-4668-BE54-9A1E7A4F7556}") = "exemploTdd", "exemploTdd\exemploTdd.csproj", "{9CAE543C-E5AE-4FFA-8184-EBA0CCF76316}"
EndProject
Project("{9A19103F-16F7-4668-BE54-9A1E7A4F7556}") = "exemploTests", "exemploTests\exemploTests.csproj", "{88655152-997A-4581-9B0E-F72257156EDE}"
EndProject
Global
	GlobalSection(SolutionConfigurationPlatforms) = preSolution
		Debug|Any CPU = Debug|Any CPU
		Release|Any CPU = Release|Any CPU
	EndGlobalSection
	GlobalSection(ProjectConfigurationPlatforms) = postSolution
		{9CAE543C-E5AE-4FFA-8184-EBA0CCF76316}.Debug|Any CPU.ActiveCfg = Debug|Any CPU
		{9CAE543C-E5AE-4FFA-8184-EBA0CCF76316}.Debug|Any CPU.Build.0 = Debug|Any CPU
		{9CAE543C-E5AE-4FFA-8184-EBA0CCF76316}.Release|Any CPU.ActiveCfg = Release|Any CPU
		{9CAE543C-E5AE-4FFA-8184-EBA0CCF76316}.Release|Any CPU.Build.0 = Release|Any CPU
		{88655152-997A-4581-9B0E-F72257156EDE}.Debug|Any CPU.ActiveCfg = Debug|Any CPU
		{88655152-997A-4581-9B0E-F72257156EDE}.Debug|Any CPU.Build.0 = Debug|Any CPU
		{88655152-997A-4581-9B0E-F72257156EDE}.Release|Any CPU.ActiveCfg = Release|Any CPU
		{88655152-997A-4581-9B0E-F72257156EDE}.Release|Any CPU.Build.0 = Release|Any CPU
	EndGlobalSection
	GlobalSection(SolutionProperties) = preSolution
		HideSolutionNode = FALSE
	EndGlobalSection
	GlobalSection(ExtensibilityGlobals) = postSolution
		SolutionGuid = {33FE737F-9DF2-4699-A412-7B1AA1BA27CB}
	EndGlobalSection
EndGlobal
